
Microsoft Visual Studio Solution File, Format Version 12.00
# Visual Studio Version 17
VisualStudioVersion = 17.4.33213.308
MinimumVisualStudioVersion = 10.0.40219.1
Project("{FAE04EC0-301F-11D3-BF4B-00C04F79EFBC}") = "COMP003A.LectureActivity5", "COMP003A.LectureActivity5\COMP003A.LectureActivity5.csproj", "{2CC124B4-A350-4A36-80DE-AC79E66D43AF}"
EndProject
Global
	GlobalSection(SolutionConfigurationPlatforms) = preSolution
		Debug|Any CPU = Debug|Any CPU
		Release|Any CPU = Release|Any CPU
	EndGlobalSection
	GlobalSection(ProjectConfigurationPlatforms) = postSolution
		{2CC124B4-A350-4A36-80DE-AC79E66D43AF}.Debug|Any CPU.ActiveCfg = Debug|Any CPU
		{2CC124B4-A350-4A36-80DE-AC79E66D43AF}.Debug|Any CPU.Build.0 = Debug|Any CPU
		{2CC124B4-A350-4A36-80DE-AC79E66D43AF}.Release|Any CPU.ActiveCfg = Release|Any CPU
		{2CC124B4-A350-4A36-80DE-AC79E66D43AF}.Release|Any CPU.Build.0 = Release|Any CPU
	EndGlobalSection
	GlobalSection(SolutionProperties) = preSolution
		HideSolutionNode = FALSE
	EndGlobalSection
	GlobalSection(ExtensibilityGlobals) = postSolution
		SolutionGuid = {F02F9BDA-45DC-4CC1-B71E-5D2E13C2D6C8}
	EndGlobalSection
EndGlobal
